
Microsoft Visual Studio Solution File, Format Version 12.00
# Visual Studio Version 17
VisualStudioVersion = 17.7.34003.232
MinimumVisualStudioVersion = 10.0.40219.1
Project("{9A19103F-16F7-4668-BE54-9A1E7A4F7556}") = "WPFLinIDE01", "WPFLinIDE01\WPFLinIDE01.csproj", "{BC188EA7-BD11-4484-8F9E-582D543A9EE7}"
EndProject
Global
	GlobalSection(SolutionConfigurationPlatforms) = preSolution
		Debug|Any CPU = Debug|Any CPU
		Release|Any CPU = Release|Any CPU
	EndGlobalSection
	GlobalSection(ProjectConfigurationPlatforms) = postSolution
		{BC188EA7-BD11-4484-8F9E-582D543A9EE7}.Debug|Any CPU.ActiveCfg = Debug|Any CPU
		{BC188EA7-BD11-4484-8F9E-582D543A9EE7}.Debug|Any CPU.Build.0 = Debug|Any CPU
		{BC188EA7-BD11-4484-8F9E-582D543A9EE7}.Release|Any CPU.ActiveCfg = Release|Any CPU
		{BC188EA7-BD11-4484-8F9E-582D543A9EE7}.Release|Any CPU.Build.0 = Release|Any CPU
	EndGlobalSection
	GlobalSection(SolutionProperties) = preSolution
		HideSolutionNode = FALSE
	EndGlobalSection
	GlobalSection(ExtensibilityGlobals) = postSolution
		SolutionGuid = {D7C94681-B870-4FB0-A2F9-618BD652B930}
	EndGlobalSection
EndGlobal
